
Microsoft Visual Studio Solution File, Format Version 12.00
# Visual Studio Version 17
VisualStudioVersion = 17.0.31903.59
MinimumVisualStudioVersion = 10.0.40219.1
Project("{FAE04EC0-301F-11D3-BF4B-00C04F79EFBC}") = "Note.Application", "Note.Application\Note.Application.csproj", "{13AF1142-6353-4BCA-A4D0-73732FCDA118}"
EndProject
Project("{FAE04EC0-301F-11D3-BF4B-00C04F79EFBC}") = "Note.API", "Note.API\Note.API.csproj", "{35CDF2C6-98AF-4363-8AD6-84C977AC61A2}"
EndProject
Project("{FAE04EC0-301F-11D3-BF4B-00C04F79EFBC}") = "Note.Core", "Note.Core\Note.Core.csproj", "{FE9983D4-5685-4038-B096-3140B94A1A46}"
EndProject
Project("{FAE04EC0-301F-11D3-BF4B-00C04F79EFBC}") = "Note.Infrastructure", "Note.Infrastructure\Note.Infrastructure.csproj", "{377FCEC7-5A45-48F4-87AD-2EC642649B0C}"
EndProject
Global
	GlobalSection(SolutionConfigurationPlatforms) = preSolution
		Debug|Any CPU = Debug|Any CPU
		Release|Any CPU = Release|Any CPU
	EndGlobalSection
	GlobalSection(SolutionProperties) = preSolution
		HideSolutionNode = FALSE
	EndGlobalSection
	GlobalSection(ProjectConfigurationPlatforms) = postSolution
		{13AF1142-6353-4BCA-A4D0-73732FCDA118}.Debug|Any CPU.ActiveCfg = Debug|Any CPU
		{13AF1142-6353-4BCA-A4D0-73732FCDA118}.Debug|Any CPU.Build.0 = Debug|Any CPU
		{13AF1142-6353-4BCA-A4D0-73732FCDA118}.Release|Any CPU.ActiveCfg = Release|Any CPU
		{13AF1142-6353-4BCA-A4D0-73732FCDA118}.Release|Any CPU.Build.0 = Release|Any CPU
		{35CDF2C6-98AF-4363-8AD6-84C977AC61A2}.Debug|Any CPU.ActiveCfg = Debug|Any CPU
		{35CDF2C6-98AF-4363-8AD6-84C977AC61A2}.Debug|Any CPU.Build.0 = Debug|Any CPU
		{35CDF2C6-98AF-4363-8AD6-84C977AC61A2}.Release|Any CPU.ActiveCfg = Release|Any CPU
		{35CDF2C6-98AF-4363-8AD6-84C977AC61A2}.Release|Any CPU.Build.0 = Release|Any CPU
		{FE9983D4-5685-4038-B096-3140B94A1A46}.Debug|Any CPU.ActiveCfg = Debug|Any CPU
		{FE9983D4-5685-4038-B096-3140B94A1A46}.Debug|Any CPU.Build.0 = Debug|Any CPU
		{FE9983D4-5685-4038-B096-3140B94A1A46}.Release|Any CPU.ActiveCfg = Release|Any CPU
		{FE9983D4-5685-4038-B096-3140B94A1A46}.Release|Any CPU.Build.0 = Release|Any CPU
		{377FCEC7-5A45-48F4-87AD-2EC642649B0C}.Debug|Any CPU.ActiveCfg = Debug|Any CPU
		{377FCEC7-5A45-48F4-87AD-2EC642649B0C}.Debug|Any CPU.Build.0 = Debug|Any CPU
		{377FCEC7-5A45-48F4-87AD-2EC642649B0C}.Release|Any CPU.ActiveCfg = Release|Any CPU
		{377FCEC7-5A45-48F4-87AD-2EC642649B0C}.Release|Any CPU.Build.0 = Release|Any CPU
	EndGlobalSection
EndGlobal
